Microsoft Visual Studio Solution File, Format Version 11.00
# Visual Studio 2008

Project("{A9AD915D-0FBE-4044-1E6D-BA6D6B057D5D}") = "Victory Room", "Assembly-CSharp-firstpass.csproj", "{5C3E60D5-F68C-A7FC-4804-C398A900F3F4}"
EndProject
Project("{A9AD915D-0FBE-4044-1E6D-BA6D6B057D5D}") = "Victory Room", "Assembly-CSharp.csproj", "{9729EFF0-4BE8-9E05-5CD6-59299CDD2A7F}"
EndProject
Project("{A9AD915D-0FBE-4044-1E6D-BA6D6B057D5D}") = "Victory Room", "Assembly-CSharp-Editor.csproj", "{C5BA9A00-01C4-37D0-FEC7-952CF6C6EA4F}"
EndProject
Global
	GlobalSection(SolutionConfigurationPlatforms) = preSolution
		Debug|Any CPU = Debug|Any CPU
		Release|Any CPU = Release|Any CPU
	EndGlobalSection
	GlobalSection(ProjectConfigurationPlatforms) = postSolution
		{5C3E60D5-F68C-A7FC-4804-C398A900F3F4}.Debug|Any CPU.ActiveCfg = Debug|Any CPU
		{5C3E60D5-F68C-A7FC-4804-C398A900F3F4}.Debug|Any CPU.Build.0 = Debug|Any CPU
		{5C3E60D5-F68C-A7FC-4804-C398A900F3F4}.Release|Any CPU.ActiveCfg = Release|Any CPU
		{5C3E60D5-F68C-A7FC-4804-C398A900F3F4}.Release|Any CPU.Build.0 = Release|Any CPU
		{9729EFF0-4BE8-9E05-5CD6-59299CDD2A7F}.Debug|Any CPU.ActiveCfg = Debug|Any CPU
		{9729EFF0-4BE8-9E05-5CD6-59299CDD2A7F}.Debug|Any CPU.Build.0 = Debug|Any CPU
		{9729EFF0-4BE8-9E05-5CD6-59299CDD2A7F}.Release|Any CPU.ActiveCfg = Release|Any CPU
		{9729EFF0-4BE8-9E05-5CD6-59299CDD2A7F}.Release|Any CPU.Build.0 = Release|Any CPU
		{C5BA9A00-01C4-37D0-FEC7-952CF6C6EA4F}.Debug|Any CPU.ActiveCfg = Debug|Any CPU
		{C5BA9A00-01C4-37D0-FEC7-952CF6C6EA4F}.Debug|Any CPU.Build.0 = Debug|Any CPU
		{C5BA9A00-01C4-37D0-FEC7-952CF6C6EA4F}.Release|Any CPU.ActiveCfg = Release|Any CPU
		{C5BA9A00-01C4-37D0-FEC7-952CF6C6EA4F}.Release|Any CPU.Build.0 = Release|Any CPU
	EndGlobalSection
	GlobalSection(SolutionProperties) = preSolution
		HideSolutionNode = FALSE
	EndGlobalSection
	GlobalSection(MonoDevelopProperties) = preSolution
		StartupItem = Assembly-CSharp.csproj
	EndGlobalSection
EndGlobal
