Microsoft Visual Studio Solution File, Format Version 11.00
# Visual Studio 2008

Project("{7852F6A1-83C0-3E0F-6AA4-88321E9A8CDC}") = "cpimhoff", "Assembly-CSharp-firstpass.csproj", "{10CA96EC-EB6A-2070-7A57-CD5F802F3929}"
EndProject
Project("{7852F6A1-83C0-3E0F-6AA4-88321E9A8CDC}") = "cpimhoff", "Assembly-CSharp.csproj", "{8B01088A-8BAC-0287-B60A-561C81D25F42}"
EndProject
Global
	GlobalSection(SolutionConfigurationPlatforms) = preSolution
		Debug|Any CPU = Debug|Any CPU
		Release|Any CPU = Release|Any CPU
	EndGlobalSection
	GlobalSection(ProjectConfigurationPlatforms) = postSolution
		{10CA96EC-EB6A-2070-7A57-CD5F802F3929}.Debug|Any CPU.ActiveCfg = Debug|Any CPU
		{10CA96EC-EB6A-2070-7A57-CD5F802F3929}.Debug|Any CPU.Build.0 = Debug|Any CPU
		{10CA96EC-EB6A-2070-7A57-CD5F802F3929}.Release|Any CPU.ActiveCfg = Release|Any CPU
		{10CA96EC-EB6A-2070-7A57-CD5F802F3929}.Release|Any CPU.Build.0 = Release|Any CPU
		{8B01088A-8BAC-0287-B60A-561C81D25F42}.Debug|Any CPU.ActiveCfg = Debug|Any CPU
		{8B01088A-8BAC-0287-B60A-561C81D25F42}.Debug|Any CPU.Build.0 = Debug|Any CPU
		{8B01088A-8BAC-0287-B60A-561C81D25F42}.Release|Any CPU.ActiveCfg = Release|Any CPU
		{8B01088A-8BAC-0287-B60A-561C81D25F42}.Release|Any CPU.Build.0 = Release|Any CPU
	EndGlobalSection
	GlobalSection(SolutionProperties) = preSolution
		HideSolutionNode = FALSE
	EndGlobalSection
	GlobalSection(MonoDevelopProperties) = preSolution
		StartupItem = Assembly-CSharp.csproj
	EndGlobalSection
EndGlobal
