
Microsoft Visual Studio Solution File, Format Version 12.00
# Visual Studio 2015
Project("{FAE04EC0-301F-11D3-BF4B-00C04F79EFBC}") = "Demo.CSharp.Plugins", "Demo.CSharp.Plugins.csproj", "{62668F79-D5A9-8927-826E-1D7922FAD757}"
EndProject
Project("{FAE04EC0-301F-11D3-BF4B-00C04F79EFBC}") = "Demo.CSharp", "Demo.CSharp.csproj", "{1A952072-000F-E19A-C240-52E59F35A665}"
EndProject
Project("{FAE04EC0-301F-11D3-BF4B-00C04F79EFBC}") = "Demo.CSharp.Editor", "Demo.CSharp.Editor.csproj", "{D94C4E5A-6C25-1F65-BAD7-69D304052E31}"
EndProject
Global
	GlobalSection(SolutionConfigurationPlatforms) = preSolution
		Debug|Any CPU = Debug|Any CPU
		Release|Any CPU = Release|Any CPU
	EndGlobalSection
	GlobalSection(ProjectConfigurationPlatforms) = postSolution
		{62668F79-D5A9-8927-826E-1D7922FAD757}.Debug|Any CPU.ActiveCfg = Debug|Any CPU
		{62668F79-D5A9-8927-826E-1D7922FAD757}.Debug|Any CPU.Build.0 = Debug|Any CPU
		{62668F79-D5A9-8927-826E-1D7922FAD757}.Release|Any CPU.ActiveCfg = Release|Any CPU
		{62668F79-D5A9-8927-826E-1D7922FAD757}.Release|Any CPU.Build.0 = Release|Any CPU
		{1A952072-000F-E19A-C240-52E59F35A665}.Debug|Any CPU.ActiveCfg = Debug|Any CPU
		{1A952072-000F-E19A-C240-52E59F35A665}.Debug|Any CPU.Build.0 = Debug|Any CPU
		{1A952072-000F-E19A-C240-52E59F35A665}.Release|Any CPU.ActiveCfg = Release|Any CPU
		{1A952072-000F-E19A-C240-52E59F35A665}.Release|Any CPU.Build.0 = Release|Any CPU
		{D94C4E5A-6C25-1F65-BAD7-69D304052E31}.Debug|Any CPU.ActiveCfg = Debug|Any CPU
		{D94C4E5A-6C25-1F65-BAD7-69D304052E31}.Debug|Any CPU.Build.0 = Debug|Any CPU
		{D94C4E5A-6C25-1F65-BAD7-69D304052E31}.Release|Any CPU.ActiveCfg = Release|Any CPU
		{D94C4E5A-6C25-1F65-BAD7-69D304052E31}.Release|Any CPU.Build.0 = Release|Any CPU
	EndGlobalSection
	GlobalSection(SolutionProperties) = preSolution
		HideSolutionNode = FALSE
	EndGlobalSection
EndGlobal
