Microsoft Visual Studio Solution File, Format Version 11.00
# Visual Studio 2008

Project("{4C19B248-5730-04E8-1E92-17ECDDD548DD}") = "Enter_Room", "Assembly-CSharp-firstpass.csproj", "{DC28D8FE-127F-C88B-9224-228487C1A02D}"
EndProject
Project("{4C19B248-5730-04E8-1E92-17ECDDD548DD}") = "Enter_Room", "Assembly-CSharp.csproj", "{1358B146-DD3E-512B-5880-828BABF72271}"
EndProject
Project("{4C19B248-5730-04E8-1E92-17ECDDD548DD}") = "Enter_Room", "Assembly-CSharp-Editor.csproj", "{5965271F-346F-69FD-9686-6A555AD22BDB}"
EndProject
Global
	GlobalSection(SolutionConfigurationPlatforms) = preSolution
		Debug|Any CPU = Debug|Any CPU
		Release|Any CPU = Release|Any CPU
	EndGlobalSection
	GlobalSection(ProjectConfigurationPlatforms) = postSolution
		{DC28D8FE-127F-C88B-9224-228487C1A02D}.Debug|Any CPU.ActiveCfg = Debug|Any CPU
		{DC28D8FE-127F-C88B-9224-228487C1A02D}.Debug|Any CPU.Build.0 = Debug|Any CPU
		{DC28D8FE-127F-C88B-9224-228487C1A02D}.Release|Any CPU.ActiveCfg = Release|Any CPU
		{DC28D8FE-127F-C88B-9224-228487C1A02D}.Release|Any CPU.Build.0 = Release|Any CPU
		{1358B146-DD3E-512B-5880-828BABF72271}.Debug|Any CPU.ActiveCfg = Debug|Any CPU
		{1358B146-DD3E-512B-5880-828BABF72271}.Debug|Any CPU.Build.0 = Debug|Any CPU
		{1358B146-DD3E-512B-5880-828BABF72271}.Release|Any CPU.ActiveCfg = Release|Any CPU
		{1358B146-DD3E-512B-5880-828BABF72271}.Release|Any CPU.Build.0 = Release|Any CPU
		{5965271F-346F-69FD-9686-6A555AD22BDB}.Debug|Any CPU.ActiveCfg = Debug|Any CPU
		{5965271F-346F-69FD-9686-6A555AD22BDB}.Debug|Any CPU.Build.0 = Debug|Any CPU
		{5965271F-346F-69FD-9686-6A555AD22BDB}.Release|Any CPU.ActiveCfg = Release|Any CPU
		{5965271F-346F-69FD-9686-6A555AD22BDB}.Release|Any CPU.Build.0 = Release|Any CPU
	EndGlobalSection
	GlobalSection(SolutionProperties) = preSolution
		HideSolutionNode = FALSE
	EndGlobalSection
	GlobalSection(MonoDevelopProperties) = preSolution
		StartupItem = Assembly-CSharp.csproj
	EndGlobalSection
EndGlobal
